
Microsoft Visual Studio Solution File, Format Version 12.00
# Visual Studio Version 17
VisualStudioVersion = 17.0.31903.59
MinimumVisualStudioVersion = 10.0.40219.1
Project("{2150E333-8FDC-42A3-9474-1A3956D46DE8}") = "src", "src", "{827E0CD3-B72D-47B6-A68D-7590B98EB39B}"
EndProject
Project("{2150E333-8FDC-42A3-9474-1A3956D46DE8}") = "Core", "Core", "{8D626EA8-CB54-BC41-363A-217881BEBA6E}"
EndProject
Project("{2150E333-8FDC-42A3-9474-1A3956D46DE8}") = "Domain", "Domain", "{53986343-908A-6037-C70A-1919D3E9F8C3}"
EndProject
Project("{FAE04EC0-301F-11D3-BF4B-00C04F79EFBC}") = "EnterpriseGovernance.Core", "src\Core\Domain\EnterpriseGovernance.Core.csproj", "{F6AB8DC3-73EE-4FB9-BDEB-9B537E405D6D}"
EndProject
Project("{2150E333-8FDC-42A3-9474-1A3956D46DE8}") = "Adapters", "Adapters", "{3E9C3776-17C9-28DE-3735-A8B9F121C183}"
EndProject
Project("{2150E333-8FDC-42A3-9474-1A3956D46DE8}") = "M365", "M365", "{A184068E-3C22-07DB-6FDA-4690081B9B29}"
EndProject
Project("{FAE04EC0-301F-11D3-BF4B-00C04F79EFBC}") = "EnterpriseGovernance.Adapters.M365", "src\Adapters\M365\EnterpriseGovernance.Adapters.M365.csproj", "{FC6AF00A-36BC-4879-986D-26AE670E2ED7}"
EndProject
Project("{2150E333-8FDC-42A3-9474-1A3956D46DE8}") = "API", "API", "{06BA53CA-8009-9B38-FFE4-E7BE2D31875E}"
EndProject
Project("{FAE04EC0-301F-11D3-BF4B-00C04F79EFBC}") = "EnterpriseGovernance.Adapters.API", "src\Adapters\API\EnterpriseGovernance.Adapters.API.csproj", "{C359664A-6506-428B-A95A-C071E43CA889}"
EndProject
Global
	GlobalSection(SolutionConfigurationPlatforms) = preSolution
		Debug|Any CPU = Debug|Any CPU
		Debug|x64 = Debug|x64
		Debug|x86 = Debug|x86
		Release|Any CPU = Release|Any CPU
		Release|x64 = Release|x64
		Release|x86 = Release|x86
	EndGlobalSection
	GlobalSection(ProjectConfigurationPlatforms) = postSolution
		{F6AB8DC3-73EE-4FB9-BDEB-9B537E405D6D}.Debug|Any CPU.ActiveCfg = Debug|Any CPU
		{F6AB8DC3-73EE-4FB9-BDEB-9B537E405D6D}.Debug|Any CPU.Build.0 = Debug|Any CPU
		{F6AB8DC3-73EE-4FB9-BDEB-9B537E405D6D}.Debug|x64.ActiveCfg = Debug|Any CPU
		{F6AB8DC3-73EE-4FB9-BDEB-9B537E405D6D}.Debug|x64.Build.0 = Debug|Any CPU
		{F6AB8DC3-73EE-4FB9-BDEB-9B537E405D6D}.Debug|x86.ActiveCfg = Debug|Any CPU
		{F6AB8DC3-73EE-4FB9-BDEB-9B537E405D6D}.Debug|x86.Build.0 = Debug|Any CPU
		{F6AB8DC3-73EE-4FB9-BDEB-9B537E405D6D}.Release|Any CPU.ActiveCfg = Release|Any CPU
		{F6AB8DC3-73EE-4FB9-BDEB-9B537E405D6D}.Release|Any CPU.Build.0 = Release|Any CPU
		{F6AB8DC3-73EE-4FB9-BDEB-9B537E405D6D}.Release|x64.ActiveCfg = Release|Any CPU
		{F6AB8DC3-73EE-4FB9-BDEB-9B537E405D6D}.Release|x64.Build.0 = Release|Any CPU
		{F6AB8DC3-73EE-4FB9-BDEB-9B537E405D6D}.Release|x86.ActiveCfg = Release|Any CPU
		{F6AB8DC3-73EE-4FB9-BDEB-9B537E405D6D}.Release|x86.Build.0 = Release|Any CPU
		{FC6AF00A-36BC-4879-986D-26AE670E2ED7}.Debug|Any CPU.ActiveCfg = Debug|Any CPU
		{FC6AF00A-36BC-4879-986D-26AE670E2ED7}.Debug|Any CPU.Build.0 = Debug|Any CPU
		{FC6AF00A-36BC-4879-986D-26AE670E2ED7}.Debug|x64.ActiveCfg = Debug|Any CPU
		{FC6AF00A-36BC-4879-986D-26AE670E2ED7}.Debug|x64.Build.0 = Debug|Any CPU
		{FC6AF00A-36BC-4879-986D-26AE670E2ED7}.Debug|x86.ActiveCfg = Debug|Any CPU
		{FC6AF00A-36BC-4879-986D-26AE670E2ED7}.Debug|x86.Build.0 = Debug|Any CPU
		{FC6AF00A-36BC-4879-986D-26AE670E2ED7}.Release|Any CPU.ActiveCfg = Release|Any CPU
		{FC6AF00A-36BC-4879-986D-26AE670E2ED7}.Release|Any CPU.Build.0 = Release|Any CPU
		{FC6AF00A-36BC-4879-986D-26AE670E2ED7}.Release|x64.ActiveCfg = Release|Any CPU
		{FC6AF00A-36BC-4879-986D-26AE670E2ED7}.Release|x64.Build.0 = Release|Any CPU
		{FC6AF00A-36BC-4879-986D-26AE670E2ED7}.Release|x86.ActiveCfg = Release|Any CPU
		{FC6AF00A-36BC-4879-986D-26AE670E2ED7}.Release|x86.Build.0 = Release|Any CPU
		{C359664A-6506-428B-A95A-C071E43CA889}.Debug|Any CPU.ActiveCfg = Debug|Any CPU
		{C359664A-6506-428B-A95A-C071E43CA889}.Debug|Any CPU.Build.0 = Debug|Any CPU
		{C359664A-6506-428B-A95A-C071E43CA889}.Debug|x64.ActiveCfg = Debug|Any CPU
		{C359664A-6506-428B-A95A-C071E43CA889}.Debug|x64.Build.0 = Debug|Any CPU
		{C359664A-6506-428B-A95A-C071E43CA889}.Debug|x86.ActiveCfg = Debug|Any CPU
		{C359664A-6506-428B-A95A-C071E43CA889}.Debug|x86.Build.0 = Debug|Any CPU
		{C359664A-6506-428B-A95A-C071E43CA889}.Release|Any CPU.ActiveCfg = Release|Any CPU
		{C359664A-6506-428B-A95A-C071E43CA889}.Release|Any CPU.Build.0 = Release|Any CPU
		{C359664A-6506-428B-A95A-C071E43CA889}.Release|x64.ActiveCfg = Release|Any CPU
		{C359664A-6506-428B-A95A-C071E43CA889}.Release|x64.Build.0 = Release|Any CPU
		{C359664A-6506-428B-A95A-C071E43CA889}.Release|x86.ActiveCfg = Release|Any CPU
		{C359664A-6506-428B-A95A-C071E43CA889}.Release|x86.Build.0 = Release|Any CPU
	EndGlobalSection
	GlobalSection(SolutionProperties) = preSolution
		HideSolutionNode = FALSE
	EndGlobalSection
	GlobalSection(NestedProjects) = preSolution
		{8D626EA8-CB54-BC41-363A-217881BEBA6E} = {827E0CD3-B72D-47B6-A68D-7590B98EB39B}
		{53986343-908A-6037-C70A-1919D3E9F8C3} = {8D626EA8-CB54-BC41-363A-217881BEBA6E}
		{F6AB8DC3-73EE-4FB9-BDEB-9B537E405D6D} = {53986343-908A-6037-C70A-1919D3E9F8C3}
		{3E9C3776-17C9-28DE-3735-A8B9F121C183} = {827E0CD3-B72D-47B6-A68D-7590B98EB39B}
		{A184068E-3C22-07DB-6FDA-4690081B9B29} = {3E9C3776-17C9-28DE-3735-A8B9F121C183}
		{FC6AF00A-36BC-4879-986D-26AE670E2ED7} = {A184068E-3C22-07DB-6FDA-4690081B9B29}
		{06BA53CA-8009-9B38-FFE4-E7BE2D31875E} = {3E9C3776-17C9-28DE-3735-A8B9F121C183}
		{C359664A-6506-428B-A95A-C071E43CA889} = {06BA53CA-8009-9B38-FFE4-E7BE2D31875E}
	EndGlobalSection
EndGlobal
